
Microsoft Visual Studio Solution File, Format Version 12.00
# Visual Studio 15
VisualStudioVersion = 15.0.28307.1401
MinimumVisualStudioVersion = 10.0.40219.1
Project("{FAE04EC0-301F-11D3-BF4B-00C04F79EFBC}") = "Stack as array", "Stack as array\Stack as array.csproj", "{BDA0121F-C4AF-4EE4-A46D-47617CE4317C}"
EndProject
Project("{FAE04EC0-301F-11D3-BF4B-00C04F79EFBC}") = "Stack as Linked List", "Stack as Linked List\Stack as Linked List.csproj", "{A3736BE4-B7E6-4EE5-A1D1-45D39D549A7A}"
EndProject
Project("{FAE04EC0-301F-11D3-BF4B-00C04F79EFBC}") = "Balanced Brackets", "Balanced Brackets\Balanced Brackets.csproj", "{DBADFED6-765A-4DE8-858F-7A5AB757C35D}"
EndProject
Project("{FAE04EC0-301F-11D3-BF4B-00C04F79EFBC}") = "Two stacks in array", "Two stacks in array\Two stacks in array.csproj", "{5BABC8B8-746F-484B-B5A5-D895941E3811}"
EndProject
Project("{FAE04EC0-301F-11D3-BF4B-00C04F79EFBC}") = "Next greater element", "Next greater element\Next greater element.csproj", "{674F9FEE-9FF9-47B6-B141-52B88694454E}"
EndProject
Project("{FAE04EC0-301F-11D3-BF4B-00C04F79EFBC}") = "K stacks in array", "K stacks in array\K stacks in array.csproj", "{0CCBD15A-605D-48C6-B27B-122E440C47EE}"
EndProject
Global
	GlobalSection(SolutionConfigurationPlatforms) = preSolution
		Debug|Any CPU = Debug|Any CPU
		Release|Any CPU = Release|Any CPU
	EndGlobalSection
	GlobalSection(ProjectConfigurationPlatforms) = postSolution
		{BDA0121F-C4AF-4EE4-A46D-47617CE4317C}.Debug|Any CPU.ActiveCfg = Debug|Any CPU
		{BDA0121F-C4AF-4EE4-A46D-47617CE4317C}.Debug|Any CPU.Build.0 = Debug|Any CPU
		{BDA0121F-C4AF-4EE4-A46D-47617CE4317C}.Release|Any CPU.ActiveCfg = Release|Any CPU
		{BDA0121F-C4AF-4EE4-A46D-47617CE4317C}.Release|Any CPU.Build.0 = Release|Any CPU
		{A3736BE4-B7E6-4EE5-A1D1-45D39D549A7A}.Debug|Any CPU.ActiveCfg = Debug|Any CPU
		{A3736BE4-B7E6-4EE5-A1D1-45D39D549A7A}.Debug|Any CPU.Build.0 = Debug|Any CPU
		{A3736BE4-B7E6-4EE5-A1D1-45D39D549A7A}.Release|Any CPU.ActiveCfg = Release|Any CPU
		{A3736BE4-B7E6-4EE5-A1D1-45D39D549A7A}.Release|Any CPU.Build.0 = Release|Any CPU
		{DBADFED6-765A-4DE8-858F-7A5AB757C35D}.Debug|Any CPU.ActiveCfg = Debug|Any CPU
		{DBADFED6-765A-4DE8-858F-7A5AB757C35D}.Debug|Any CPU.Build.0 = Debug|Any CPU
		{DBADFED6-765A-4DE8-858F-7A5AB757C35D}.Release|Any CPU.ActiveCfg = Release|Any CPU
		{DBADFED6-765A-4DE8-858F-7A5AB757C35D}.Release|Any CPU.Build.0 = Release|Any CPU
		{5BABC8B8-746F-484B-B5A5-D895941E3811}.Debug|Any CPU.ActiveCfg = Debug|Any CPU
		{5BABC8B8-746F-484B-B5A5-D895941E3811}.Debug|Any CPU.Build.0 = Debug|Any CPU
		{5BABC8B8-746F-484B-B5A5-D895941E3811}.Release|Any CPU.ActiveCfg = Release|Any CPU
		{5BABC8B8-746F-484B-B5A5-D895941E3811}.Release|Any CPU.Build.0 = Release|Any CPU
		{674F9FEE-9FF9-47B6-B141-52B88694454E}.Debug|Any CPU.ActiveCfg = Debug|Any CPU
		{674F9FEE-9FF9-47B6-B141-52B88694454E}.Debug|Any CPU.Build.0 = Debug|Any CPU
		{674F9FEE-9FF9-47B6-B141-52B88694454E}.Release|Any CPU.ActiveCfg = Release|Any CPU
		{674F9FEE-9FF9-47B6-B141-52B88694454E}.Release|Any CPU.Build.0 = Release|Any CPU
		{0CCBD15A-605D-48C6-B27B-122E440C47EE}.Debug|Any CPU.ActiveCfg = Debug|Any CPU
		{0CCBD15A-605D-48C6-B27B-122E440C47EE}.Debug|Any CPU.Build.0 = Debug|Any CPU
		{0CCBD15A-605D-48C6-B27B-122E440C47EE}.Release|Any CPU.ActiveCfg = Release|Any CPU
		{0CCBD15A-605D-48C6-B27B-122E440C47EE}.Release|Any CPU.Build.0 = Release|Any CPU
	EndGlobalSection
	GlobalSection(SolutionProperties) = preSolution
		HideSolutionNode = FALSE
	EndGlobalSection
	GlobalSection(ExtensibilityGlobals) = postSolution
		SolutionGuid = {8E92C8AB-E2BA-4B9A-BC12-C5FCE743D740}
	EndGlobalSection
EndGlobal
