
Microsoft Visual Studio Solution File, Format Version 12.00
# Visual Studio 15
VisualStudioVersion = 15.0.28307.1401
MinimumVisualStudioVersion = 10.0.40219.1
Project("{FAE04EC0-301F-11D3-BF4B-00C04F79EFBC}") = "Stack as array", "Stack as array\Stack as array.csproj", "{BDA0121F-C4AF-4EE4-A46D-47617CE4317C}"
EndProject
Project("{FAE04EC0-301F-11D3-BF4B-00C04F79EFBC}") = "Stack as Linked List", "Stack as Linked List\Stack as Linked List.csproj", "{A3736BE4-B7E6-4EE5-A1D1-45D39D549A7A}"
EndProject
Project("{FAE04EC0-301F-11D3-BF4B-00C04F79EFBC}") = "Balanced Brackets", "Balanced Brackets\Balanced Brackets.csproj", "{DBADFED6-765A-4DE8-858F-7A5AB757C35D}"
EndProject
Project("{FAE04EC0-301F-11D3-BF4B-00C04F79EFBC}") = "Two stacks in array", "Two stacks in array\Two stacks in array.csproj", "{5BABC8B8-746F-484B-B5A5-D895941E3811}"
EndProject
Project("{FAE04EC0-301F-11D3-BF4B-00C04F79EFBC}") = "K stacks in array", "K stacks in array\K stacks in array.csproj", "{0CCBD15A-605D-48C6-B27B-122E440C47EE}"
EndProject
Project("{FAE04EC0-301F-11D3-BF4B-00C04F79EFBC}") = "Stock span problem", "Stock span problem\Stock span problem.csproj", "{97386E08-E51D-4207-8D0C-4CBC59AEEDF0}"
EndProject
Project("{FAE04EC0-301F-11D3-BF4B-00C04F79EFBC}") = "Previous greater element", "Previous greater element\Previous greater element.csproj", "{AA40FE44-8B97-4C0B-9932-8163123CADDD}"
EndProject
Project("{2150E333-8FDC-42A3-9474-1A3956D46DE8}") = "LeetCode", "LeetCode", "{60F0F7B4-0940-4FB9-A22B-C6D79FF942C0}"
EndProject
Project("{2150E333-8FDC-42A3-9474-1A3956D46DE8}") = "Easy", "Easy", "{C659422F-79D3-4C58-BC5E-1560ADD51D07}"
EndProject
Project("{FAE04EC0-301F-11D3-BF4B-00C04F79EFBC}") = "155-MinStack", "155-MinStack\155-MinStack.csproj", "{5EF04476-E18D-4622-BC88-7F85BC3E5DE6}"
EndProject
Project("{FAE04EC0-301F-11D3-BF4B-00C04F79EFBC}") = "Maximal Rectangle", "Maximal Rectangle\Maximal Rectangle.csproj", "{E8F26D7A-E303-4589-B37B-368B6F4C649E}"
EndProject
Project("{FAE04EC0-301F-11D3-BF4B-00C04F79EFBC}") = "844 Backspace String Compare", "844 Backspace String Compare\844 Backspace String Compare.csproj", "{7524D0C7-1479-4547-9742-25ED6A3F3709}"
EndProject
Project("{2150E333-8FDC-42A3-9474-1A3956D46DE8}") = "Queue", "Queue", "{430F26AD-AA70-4CD0-81CD-81DA267EA9CA}"
EndProject
Project("{2150E333-8FDC-42A3-9474-1A3956D46DE8}") = "Stack", "Stack", "{017A840A-F03D-4C6B-8D9A-6BB400E413EF}"
EndProject
Project("{FAE04EC0-301F-11D3-BF4B-00C04F79EFBC}") = "Queue using array", "Queue using array\Queue using array.csproj", "{B9342F8A-5D3C-4767-9956-1665DF5297BD}"
EndProject
Project("{FAE04EC0-301F-11D3-BF4B-00C04F79EFBC}") = "Queue using array -efficient", "Queue using array -efficient\Queue using array -efficient.csproj", "{7C5AEBD6-97E8-48A0-9222-5FAC13BA4CC1}"
EndProject
Project("{FAE04EC0-301F-11D3-BF4B-00C04F79EFBC}") = "Reverse Queue", "Reverse Queue\Reverse Queue.csproj", "{83A0BA3E-0EAF-4F9E-AE91-5CCDC96F5988}"
EndProject
Project("{FAE04EC0-301F-11D3-BF4B-00C04F79EFBC}") = "Generate numbers with given digits", "Generate numbers with given digits\Generate numbers with given digits.csproj", "{90279CFF-94C9-434B-B5C4-E91CCA507BF8}"
EndProject
Global
	GlobalSection(SolutionConfigurationPlatforms) = preSolution
		Debug|Any CPU = Debug|Any CPU
		Release|Any CPU = Release|Any CPU
	EndGlobalSection
	GlobalSection(ProjectConfigurationPlatforms) = postSolution
		{BDA0121F-C4AF-4EE4-A46D-47617CE4317C}.Debug|Any CPU.ActiveCfg = Debug|Any CPU
		{BDA0121F-C4AF-4EE4-A46D-47617CE4317C}.Debug|Any CPU.Build.0 = Debug|Any CPU
		{BDA0121F-C4AF-4EE4-A46D-47617CE4317C}.Release|Any CPU.ActiveCfg = Release|Any CPU
		{BDA0121F-C4AF-4EE4-A46D-47617CE4317C}.Release|Any CPU.Build.0 = Release|Any CPU
		{A3736BE4-B7E6-4EE5-A1D1-45D39D549A7A}.Debug|Any CPU.ActiveCfg = Debug|Any CPU
		{A3736BE4-B7E6-4EE5-A1D1-45D39D549A7A}.Debug|Any CPU.Build.0 = Debug|Any CPU
		{A3736BE4-B7E6-4EE5-A1D1-45D39D549A7A}.Release|Any CPU.ActiveCfg = Release|Any CPU
		{A3736BE4-B7E6-4EE5-A1D1-45D39D549A7A}.Release|Any CPU.Build.0 = Release|Any CPU
		{DBADFED6-765A-4DE8-858F-7A5AB757C35D}.Debug|Any CPU.ActiveCfg = Debug|Any CPU
		{DBADFED6-765A-4DE8-858F-7A5AB757C35D}.Debug|Any CPU.Build.0 = Debug|Any CPU
		{DBADFED6-765A-4DE8-858F-7A5AB757C35D}.Release|Any CPU.ActiveCfg = Release|Any CPU
		{DBADFED6-765A-4DE8-858F-7A5AB757C35D}.Release|Any CPU.Build.0 = Release|Any CPU
		{5BABC8B8-746F-484B-B5A5-D895941E3811}.Debug|Any CPU.ActiveCfg = Debug|Any CPU
		{5BABC8B8-746F-484B-B5A5-D895941E3811}.Debug|Any CPU.Build.0 = Debug|Any CPU
		{5BABC8B8-746F-484B-B5A5-D895941E3811}.Release|Any CPU.ActiveCfg = Release|Any CPU
		{5BABC8B8-746F-484B-B5A5-D895941E3811}.Release|Any CPU.Build.0 = Release|Any CPU
		{0CCBD15A-605D-48C6-B27B-122E440C47EE}.Debug|Any CPU.ActiveCfg = Debug|Any CPU
		{0CCBD15A-605D-48C6-B27B-122E440C47EE}.Debug|Any CPU.Build.0 = Debug|Any CPU
		{0CCBD15A-605D-48C6-B27B-122E440C47EE}.Release|Any CPU.ActiveCfg = Release|Any CPU
		{0CCBD15A-605D-48C6-B27B-122E440C47EE}.Release|Any CPU.Build.0 = Release|Any CPU
		{97386E08-E51D-4207-8D0C-4CBC59AEEDF0}.Debug|Any CPU.ActiveCfg = Debug|Any CPU
		{97386E08-E51D-4207-8D0C-4CBC59AEEDF0}.Debug|Any CPU.Build.0 = Debug|Any CPU
		{97386E08-E51D-4207-8D0C-4CBC59AEEDF0}.Release|Any CPU.ActiveCfg = Release|Any CPU
		{97386E08-E51D-4207-8D0C-4CBC59AEEDF0}.Release|Any CPU.Build.0 = Release|Any CPU
		{AA40FE44-8B97-4C0B-9932-8163123CADDD}.Debug|Any CPU.ActiveCfg = Debug|Any CPU
		{AA40FE44-8B97-4C0B-9932-8163123CADDD}.Debug|Any CPU.Build.0 = Debug|Any CPU
		{AA40FE44-8B97-4C0B-9932-8163123CADDD}.Release|Any CPU.ActiveCfg = Release|Any CPU
		{AA40FE44-8B97-4C0B-9932-8163123CADDD}.Release|Any CPU.Build.0 = Release|Any CPU
		{5EF04476-E18D-4622-BC88-7F85BC3E5DE6}.Debug|Any CPU.ActiveCfg = Debug|Any CPU
		{5EF04476-E18D-4622-BC88-7F85BC3E5DE6}.Debug|Any CPU.Build.0 = Debug|Any CPU
		{5EF04476-E18D-4622-BC88-7F85BC3E5DE6}.Release|Any CPU.ActiveCfg = Release|Any CPU
		{5EF04476-E18D-4622-BC88-7F85BC3E5DE6}.Release|Any CPU.Build.0 = Release|Any CPU
		{E8F26D7A-E303-4589-B37B-368B6F4C649E}.Debug|Any CPU.ActiveCfg = Debug|Any CPU
		{E8F26D7A-E303-4589-B37B-368B6F4C649E}.Debug|Any CPU.Build.0 = Debug|Any CPU
		{E8F26D7A-E303-4589-B37B-368B6F4C649E}.Release|Any CPU.ActiveCfg = Release|Any CPU
		{E8F26D7A-E303-4589-B37B-368B6F4C649E}.Release|Any CPU.Build.0 = Release|Any CPU
		{7524D0C7-1479-4547-9742-25ED6A3F3709}.Debug|Any CPU.ActiveCfg = Debug|Any CPU
		{7524D0C7-1479-4547-9742-25ED6A3F3709}.Debug|Any CPU.Build.0 = Debug|Any CPU
		{7524D0C7-1479-4547-9742-25ED6A3F3709}.Release|Any CPU.ActiveCfg = Release|Any CPU
		{7524D0C7-1479-4547-9742-25ED6A3F3709}.Release|Any CPU.Build.0 = Release|Any CPU
		{B9342F8A-5D3C-4767-9956-1665DF5297BD}.Debug|Any CPU.ActiveCfg = Debug|Any CPU
		{B9342F8A-5D3C-4767-9956-1665DF5297BD}.Debug|Any CPU.Build.0 = Debug|Any CPU
		{B9342F8A-5D3C-4767-9956-1665DF5297BD}.Release|Any CPU.ActiveCfg = Release|Any CPU
		{B9342F8A-5D3C-4767-9956-1665DF5297BD}.Release|Any CPU.Build.0 = Release|Any CPU
		{7C5AEBD6-97E8-48A0-9222-5FAC13BA4CC1}.Debug|Any CPU.ActiveCfg = Debug|Any CPU
		{7C5AEBD6-97E8-48A0-9222-5FAC13BA4CC1}.Debug|Any CPU.Build.0 = Debug|Any CPU
		{7C5AEBD6-97E8-48A0-9222-5FAC13BA4CC1}.Release|Any CPU.ActiveCfg = Release|Any CPU
		{7C5AEBD6-97E8-48A0-9222-5FAC13BA4CC1}.Release|Any CPU.Build.0 = Release|Any CPU
		{83A0BA3E-0EAF-4F9E-AE91-5CCDC96F5988}.Debug|Any CPU.ActiveCfg = Debug|Any CPU
		{83A0BA3E-0EAF-4F9E-AE91-5CCDC96F5988}.Debug|Any CPU.Build.0 = Debug|Any CPU
		{83A0BA3E-0EAF-4F9E-AE91-5CCDC96F5988}.Release|Any CPU.ActiveCfg = Release|Any CPU
		{83A0BA3E-0EAF-4F9E-AE91-5CCDC96F5988}.Release|Any CPU.Build.0 = Release|Any CPU
		{90279CFF-94C9-434B-B5C4-E91CCA507BF8}.Debug|Any CPU.ActiveCfg = Debug|Any CPU
		{90279CFF-94C9-434B-B5C4-E91CCA507BF8}.Debug|Any CPU.Build.0 = Debug|Any CPU
		{90279CFF-94C9-434B-B5C4-E91CCA507BF8}.Release|Any CPU.ActiveCfg = Release|Any CPU
		{90279CFF-94C9-434B-B5C4-E91CCA507BF8}.Release|Any CPU.Build.0 = Release|Any CPU
	EndGlobalSection
	GlobalSection(SolutionProperties) = preSolution
		HideSolutionNode = FALSE
	EndGlobalSection
	GlobalSection(NestedProjects) = preSolution
		{BDA0121F-C4AF-4EE4-A46D-47617CE4317C} = {017A840A-F03D-4C6B-8D9A-6BB400E413EF}
		{A3736BE4-B7E6-4EE5-A1D1-45D39D549A7A} = {017A840A-F03D-4C6B-8D9A-6BB400E413EF}
		{DBADFED6-765A-4DE8-858F-7A5AB757C35D} = {017A840A-F03D-4C6B-8D9A-6BB400E413EF}
		{5BABC8B8-746F-484B-B5A5-D895941E3811} = {017A840A-F03D-4C6B-8D9A-6BB400E413EF}
		{0CCBD15A-605D-48C6-B27B-122E440C47EE} = {017A840A-F03D-4C6B-8D9A-6BB400E413EF}
		{97386E08-E51D-4207-8D0C-4CBC59AEEDF0} = {017A840A-F03D-4C6B-8D9A-6BB400E413EF}
		{AA40FE44-8B97-4C0B-9932-8163123CADDD} = {017A840A-F03D-4C6B-8D9A-6BB400E413EF}
		{C659422F-79D3-4C58-BC5E-1560ADD51D07} = {60F0F7B4-0940-4FB9-A22B-C6D79FF942C0}
		{5EF04476-E18D-4622-BC88-7F85BC3E5DE6} = {C659422F-79D3-4C58-BC5E-1560ADD51D07}
		{E8F26D7A-E303-4589-B37B-368B6F4C649E} = {60F0F7B4-0940-4FB9-A22B-C6D79FF942C0}
		{7524D0C7-1479-4547-9742-25ED6A3F3709} = {C659422F-79D3-4C58-BC5E-1560ADD51D07}
		{B9342F8A-5D3C-4767-9956-1665DF5297BD} = {430F26AD-AA70-4CD0-81CD-81DA267EA9CA}
		{7C5AEBD6-97E8-48A0-9222-5FAC13BA4CC1} = {430F26AD-AA70-4CD0-81CD-81DA267EA9CA}
		{83A0BA3E-0EAF-4F9E-AE91-5CCDC96F5988} = {430F26AD-AA70-4CD0-81CD-81DA267EA9CA}
		{90279CFF-94C9-434B-B5C4-E91CCA507BF8} = {430F26AD-AA70-4CD0-81CD-81DA267EA9CA}
	EndGlobalSection
	GlobalSection(ExtensibilityGlobals) = postSolution
		SolutionGuid = {8E92C8AB-E2BA-4B9A-BC12-C5FCE743D740}
	EndGlobalSection
EndGlobal
